
Microsoft Visual Studio Solution File, Format Version 12.00
# Visual Studio Version 16
VisualStudioVersion = 16.0.30503.244
MinimumVisualStudioVersion = 10.0.40219.1
Project("{8BC9CEB8-8B4A-11D0-8D11-00A0C91BC942}") = "G14", "G14\G14.vcxproj", "{43DAF9B5-EA0F-4BBC-BBDB-423AEDC7E9D9}"
EndProject
Global
	GlobalSection(SolutionConfigurationPlatforms) = preSolution
		Debug|x64 = Debug|x64
		Debug|x86 = Debug|x86
		Release|x64 = Release|x64
		Release|x86 = Release|x86
	EndGlobalSection
	GlobalSection(ProjectConfigurationPlatforms) = postSolution
		{43DAF9B5-EA0F-4BBC-BBDB-423AEDC7E9D9}.Debug|x64.ActiveCfg = Debug|x64
		{43DAF9B5-EA0F-4BBC-BBDB-423AEDC7E9D9}.Debug|x64.Build.0 = Debug|x64
		{43DAF9B5-EA0F-4BBC-BBDB-423AEDC7E9D9}.Debug|x86.ActiveCfg = Debug|Win32
		{43DAF9B5-EA0F-4BBC-BBDB-423AEDC7E9D9}.Debug|x86.Build.0 = Debug|Win32
		{43DAF9B5-EA0F-4BBC-BBDB-423AEDC7E9D9}.Release|x64.ActiveCfg = Release|x64
		{43DAF9B5-EA0F-4BBC-BBDB-423AEDC7E9D9}.Release|x64.Build.0 = Release|x64
		{43DAF9B5-EA0F-4BBC-BBDB-423AEDC7E9D9}.Release|x86.ActiveCfg = Release|Win32
		{43DAF9B5-EA0F-4BBC-BBDB-423AEDC7E9D9}.Release|x86.Build.0 = Release|Win32
	EndGlobalSection
	GlobalSection(SolutionProperties) = preSolution
		HideSolutionNode = FALSE
	EndGlobalSection
	GlobalSection(ExtensibilityGlobals) = postSolution
		SolutionGuid = {492864DB-F7C0-4EF5-85FC-7D1A6925BB29}
	EndGlobalSection
EndGlobal
